
Microsoft Visual Studio Solution File, Format Version 12.00
# Visual Studio Version 17
VisualStudioVersion = 17.5.002.0
MinimumVisualStudioVersion = 10.0.40219.1
Project("{9A19103F-16F7-4668-BE54-9A1E7A4F7556}") = "Escada", "Escada.csproj", "{1A79CCEE-9DFA-4792-B125-691805532FFD}"
EndProject
Global
	GlobalSection(SolutionConfigurationPlatforms) = preSolution
		Debug|Any CPU = Debug|Any CPU
		Release|Any CPU = Release|Any CPU
	EndGlobalSection
	GlobalSection(ProjectConfigurationPlatforms) = postSolution
		{1A79CCEE-9DFA-4792-B125-691805532FFD}.Debug|Any CPU.ActiveCfg = Debug|Any CPU
		{1A79CCEE-9DFA-4792-B125-691805532FFD}.Debug|Any CPU.Build.0 = Debug|Any CPU
		{1A79CCEE-9DFA-4792-B125-691805532FFD}.Release|Any CPU.ActiveCfg = Release|Any CPU
		{1A79CCEE-9DFA-4792-B125-691805532FFD}.Release|Any CPU.Build.0 = Release|Any CPU
	EndGlobalSection
	GlobalSection(SolutionProperties) = preSolution
		HideSolutionNode = FALSE
	EndGlobalSection
	GlobalSection(ExtensibilityGlobals) = postSolution
		SolutionGuid = {156E6092-0099-4BAC-B5F2-1FED8AD240C2}
	EndGlobalSection
EndGlobal
